
Microsoft Visual Studio Solution File, Format Version 12.00
# Visual Studio Version 17
VisualStudioVersion = 17.12.35707.178 d17.12
MinimumVisualStudioVersion = 10.0.40219.1
Project("{FAE04EC0-301F-11D3-BF4B-00C04F79EFBC}") = "GYMS_TR", "GYMS_TR\GYMS_TR.csproj", "{919A6510-0DD1-4EBA-A1A9-ECCAEE2A2980}"
EndProject
Global
	GlobalSection(SolutionConfigurationPlatforms) = preSolution
		Debug|Any CPU = Debug|Any CPU
		Release|Any CPU = Release|Any CPU
	EndGlobalSection
	GlobalSection(ProjectConfigurationPlatforms) = postSolution
		{919A6510-0DD1-4EBA-A1A9-ECCAEE2A2980}.Debug|Any CPU.ActiveCfg = Debug|Any CPU
		{919A6510-0DD1-4EBA-A1A9-ECCAEE2A2980}.Debug|Any CPU.Build.0 = Debug|Any CPU
		{919A6510-0DD1-4EBA-A1A9-ECCAEE2A2980}.Release|Any CPU.ActiveCfg = Release|Any CPU
		{919A6510-0DD1-4EBA-A1A9-ECCAEE2A2980}.Release|Any CPU.Build.0 = Release|Any CPU
	EndGlobalSection
	GlobalSection(SolutionProperties) = preSolution
		HideSolutionNode = FALSE
	EndGlobalSection
EndGlobal
